
Microsoft Visual Studio Solution File, Format Version 12.00
# Visual Studio 15
VisualStudioVersion = 15.0.28307.136
MinimumVisualStudioVersion = 10.0.40219.1
Project("{FAE04EC0-301F-11D3-BF4B-00C04F79EFBC}") = "FNEMS", "FNEMS\FNEMS.csproj", "{D66902D6-E755-474C-B715-9E4D9A7AC3A4}"
EndProject
Global
	GlobalSection(SolutionConfigurationPlatforms) = preSolution
		Debug|Any CPU = Debug|Any CPU
		Release|Any CPU = Release|Any CPU
	EndGlobalSection
	GlobalSection(ProjectConfigurationPlatforms) = postSolution
		{D66902D6-E755-474C-B715-9E4D9A7AC3A4}.Debug|Any CPU.ActiveCfg = Debug|Any CPU
		{D66902D6-E755-474C-B715-9E4D9A7AC3A4}.Debug|Any CPU.Build.0 = Debug|Any CPU
		{D66902D6-E755-474C-B715-9E4D9A7AC3A4}.Release|Any CPU.ActiveCfg = Release|Any CPU
		{D66902D6-E755-474C-B715-9E4D9A7AC3A4}.Release|Any CPU.Build.0 = Release|Any CPU
	EndGlobalSection
	GlobalSection(SolutionProperties) = preSolution
		HideSolutionNode = FALSE
	EndGlobalSection
	GlobalSection(ExtensibilityGlobals) = postSolution
		SolutionGuid = {E0E24CB1-380C-44F8-9A6E-C6FDC451B6E9}
	EndGlobalSection
EndGlobal
